{
  "name": "god-games",
  "lockfileVersion": 3,
  "requires": true,
  "packages": {
    "": {
      "name": "god-games",
      "dependencies": {
        "@tns/game-engine": "file:../tellandshow/game-studio/packages/game-engine"
      }
    },
    "../tellandshow/game-studio/packages/game-engine": {
      "name": "@tns/game-engine",
      "version": "0.0.1",
      "license": "UNLICENSED"
    },
    "node_modules/@tns/game-engine": {
      "resolved": "../tellandshow/game-studio/packages/game-engine",
      "link": true
    }
  }
}
